
Microsoft Visual Studio Solution File, Format Version 12.00
# Visual Studio Version 16
VisualStudioVersion = 16.0.31205.134
MinimumVisualStudioVersion = 10.0.40219.1
Project("{9A19103F-16F7-4668-BE54-9A1E7A4F7556}") = "Test", "Test\Test.csproj", "{FF5C4B8A-B14F-48A0-A69A-78CB51F0FA1F}"
EndProject
Project("{FAE04EC0-301F-11D3-BF4B-00C04F79EFBC}") = "ECRF.Utils.GIT-EXTRACT", "ECRF.Utils.GIT-EXTRACT\ECRF.Utils.GIT-EXTRACT.csproj", "{FE9E3834-E928-4871-AB72-D57F869B4BDC}"
EndProject
Project("{FAE04EC0-301F-11D3-BF4B-00C04F79EFBC}") = "ECRF.Schedule", "ECRF.Schedule\ECRF.Schedule.csproj", "{E6A1B7A4-DC93-4241-8EEB-377923B8A11D}"
EndProject
Project("{FAE04EC0-301F-11D3-BF4B-00C04F79EFBC}") = "ECRF.BatchExecuteTask", "ECRF.BatchExecuteTask\ECRF.BatchExecuteTask.csproj", "{974710A1-0215-4FE3-9135-CE50BC0DA6A7}"
EndProject
Project("{FAE04EC0-301F-11D3-BF4B-00C04F79EFBC}") = "ECRF.Gobang", "ECRF.Gobang\ECRF.Gobang.csproj", "{0C2B05A9-9867-42D0-A5C0-607AD563EB27}"
EndProject
Project("{9A19103F-16F7-4668-BE54-9A1E7A4F7556}") = "ECRF.DotNetCore", "ECRF.DotNetCore\ECRF.DotNetCore.csproj", "{936E408F-DE47-42CA-A666-B83AB59577DF}"
EndProject
Project("{FAE04EC0-301F-11D3-BF4B-00C04F79EFBC}") = "ECRF.Browser", "ECRF.Browser\ECRF.Browser.csproj", "{5D8B22F5-9D72-4876-B7F5-3B4DEB562489}"
EndProject
Project("{FAE04EC0-301F-11D3-BF4B-00C04F79EFBC}") = "ECRF.Dapper", "ECRF.Dapper\ECRF.Dapper.csproj", "{CB27BA9C-AD18-4DED-983A-205B70D46A6E}"
EndProject
Project("{9A19103F-16F7-4668-BE54-9A1E7A4F7556}") = "ECRF.PracticesOfLog", "ECRF.PracticesOfLog\ECRF.PracticesOfLog.csproj", "{8210BA66-092E-4CD0-9BC8-8D39C6944BA9}"
EndProject
Project("{FAE04EC0-301F-11D3-BF4B-00C04F79EFBC}") = "ECRF.FixData", "ECRF.FixData\ECRF.FixData.csproj", "{B58968AC-3761-47E0-ACCF-ED0966FA1C41}"
EndProject
Project("{9A19103F-16F7-4668-BE54-9A1E7A4F7556}") = "ECRF.SqlSugarTest", "ECRF.SqlSugarTest\ECRF.SqlSugarTest.csproj", "{01D5452E-9FF3-4A7F-9EA0-0A0EE5BE7F56}"
EndProject
Project("{FAE04EC0-301F-11D3-BF4B-00C04F79EFBC}") = "ECRF.SchedulingTasks", "ECRF.SchedulingTasks\ECRF.SchedulingTasks.csproj", "{63CDC9B1-9306-468C-8F75-1428F851737A}"
EndProject
Project("{FAE04EC0-301F-11D3-BF4B-00C04F79EFBC}") = "ECRF.SchedulingTasks.V2", "ECRF.SchedulingTasks.V2\ECRF.SchedulingTasks.V2.csproj", "{54DDDD22-13F2-47FC-B5B4-F13062177632}"
EndProject
Project("{FAE04EC0-301F-11D3-BF4B-00C04F79EFBC}") = "WindowsFormsApp1", "WindowsFormsApp1\WindowsFormsApp1.csproj", "{4D164AAF-A5CA-4A7E-A421-522B4A0F7C6A}"
EndProject
Project("{FAE04EC0-301F-11D3-BF4B-00C04F79EFBC}") = "ECRFGitWindow", "ECRFGitWindow\ECRFGitWindow.csproj", "{B2F8D3AD-67D9-47AA-AC02-3EFD84E61491}"
EndProject
Project("{FAE04EC0-301F-11D3-BF4B-00C04F79EFBC}") = "GitWindowTest", "GitWindowTest\GitWindowTest.csproj", "{7AF52CAF-9013-474B-A432-7A39560A71A5}"
EndProject
Project("{FAE04EC0-301F-11D3-BF4B-00C04F79EFBC}") = "ECRF.Git", "ECRF.Git\ECRF.Git.csproj", "{C23F3CF4-9FAF-4BB5-B9D9-BEFBA61F7FC3}"
EndProject
Project("{FAE04EC0-301F-11D3-BF4B-00C04F79EFBC}") = "ECRF.GitTest2", "ECRF.GitTest2\ECRF.GitTest2.csproj", "{F4641D3B-8241-474E-88DD-16A18A0B2F5F}"
EndProject
Global
	GlobalSection(SolutionConfigurationPlatforms) = preSolution
		Debug|Any CPU = Debug|Any CPU
		Release|Any CPU = Release|Any CPU
	EndGlobalSection
	GlobalSection(ProjectConfigurationPlatforms) = postSolution
		{FF5C4B8A-B14F-48A0-A69A-78CB51F0FA1F}.Debug|Any CPU.ActiveCfg = Debug|Any CPU
		{FF5C4B8A-B14F-48A0-A69A-78CB51F0FA1F}.Debug|Any CPU.Build.0 = Debug|Any CPU
		{FF5C4B8A-B14F-48A0-A69A-78CB51F0FA1F}.Release|Any CPU.ActiveCfg = Release|Any CPU
		{FF5C4B8A-B14F-48A0-A69A-78CB51F0FA1F}.Release|Any CPU.Build.0 = Release|Any CPU
		{FE9E3834-E928-4871-AB72-D57F869B4BDC}.Debug|Any CPU.ActiveCfg = Debug|Any CPU
		{FE9E3834-E928-4871-AB72-D57F869B4BDC}.Debug|Any CPU.Build.0 = Debug|Any CPU
		{FE9E3834-E928-4871-AB72-D57F869B4BDC}.Release|Any CPU.ActiveCfg = Release|Any CPU
		{FE9E3834-E928-4871-AB72-D57F869B4BDC}.Release|Any CPU.Build.0 = Release|Any CPU
		{E6A1B7A4-DC93-4241-8EEB-377923B8A11D}.Debug|Any CPU.ActiveCfg = Debug|Any CPU
		{E6A1B7A4-DC93-4241-8EEB-377923B8A11D}.Debug|Any CPU.Build.0 = Debug|Any CPU
		{E6A1B7A4-DC93-4241-8EEB-377923B8A11D}.Release|Any CPU.ActiveCfg = Release|Any CPU
		{E6A1B7A4-DC93-4241-8EEB-377923B8A11D}.Release|Any CPU.Build.0 = Release|Any CPU
		{974710A1-0215-4FE3-9135-CE50BC0DA6A7}.Debug|Any CPU.ActiveCfg = Debug|Any CPU
		{974710A1-0215-4FE3-9135-CE50BC0DA6A7}.Debug|Any CPU.Build.0 = Debug|Any CPU
		{974710A1-0215-4FE3-9135-CE50BC0DA6A7}.Release|Any CPU.ActiveCfg = Release|Any CPU
		{974710A1-0215-4FE3-9135-CE50BC0DA6A7}.Release|Any CPU.Build.0 = Release|Any CPU
		{0C2B05A9-9867-42D0-A5C0-607AD563EB27}.Debug|Any CPU.ActiveCfg = Debug|Any CPU
		{0C2B05A9-9867-42D0-A5C0-607AD563EB27}.Debug|Any CPU.Build.0 = Debug|Any CPU
		{0C2B05A9-9867-42D0-A5C0-607AD563EB27}.Release|Any CPU.ActiveCfg = Release|Any CPU
		{0C2B05A9-9867-42D0-A5C0-607AD563EB27}.Release|Any CPU.Build.0 = Release|Any CPU
		{936E408F-DE47-42CA-A666-B83AB59577DF}.Debug|Any CPU.ActiveCfg = Debug|Any CPU
		{936E408F-DE47-42CA-A666-B83AB59577DF}.Debug|Any CPU.Build.0 = Debug|Any CPU
		{936E408F-DE47-42CA-A666-B83AB59577DF}.Release|Any CPU.ActiveCfg = Release|Any CPU
		{936E408F-DE47-42CA-A666-B83AB59577DF}.Release|Any CPU.Build.0 = Release|Any CPU
		{5D8B22F5-9D72-4876-B7F5-3B4DEB562489}.Debug|Any CPU.ActiveCfg = Debug|Any CPU
		{5D8B22F5-9D72-4876-B7F5-3B4DEB562489}.Debug|Any CPU.Build.0 = Debug|Any CPU
		{5D8B22F5-9D72-4876-B7F5-3B4DEB562489}.Release|Any CPU.ActiveCfg = Release|Any CPU
		{5D8B22F5-9D72-4876-B7F5-3B4DEB562489}.Release|Any CPU.Build.0 = Release|Any CPU
		{CB27BA9C-AD18-4DED-983A-205B70D46A6E}.Debug|Any CPU.ActiveCfg = Debug|Any CPU
		{CB27BA9C-AD18-4DED-983A-205B70D46A6E}.Debug|Any CPU.Build.0 = Debug|Any CPU
		{CB27BA9C-AD18-4DED-983A-205B70D46A6E}.Release|Any CPU.ActiveCfg = Release|Any CPU
		{CB27BA9C-AD18-4DED-983A-205B70D46A6E}.Release|Any CPU.Build.0 = Release|Any CPU
		{8210BA66-092E-4CD0-9BC8-8D39C6944BA9}.Debug|Any CPU.ActiveCfg = Debug|Any CPU
		{8210BA66-092E-4CD0-9BC8-8D39C6944BA9}.Debug|Any CPU.Build.0 = Debug|Any CPU
		{8210BA66-092E-4CD0-9BC8-8D39C6944BA9}.Release|Any CPU.ActiveCfg = Release|Any CPU
		{8210BA66-092E-4CD0-9BC8-8D39C6944BA9}.Release|Any CPU.Build.0 = Release|Any CPU
		{B58968AC-3761-47E0-ACCF-ED0966FA1C41}.Debug|Any CPU.ActiveCfg = Debug|Any CPU
		{B58968AC-3761-47E0-ACCF-ED0966FA1C41}.Debug|Any CPU.Build.0 = Debug|Any CPU
		{B58968AC-3761-47E0-ACCF-ED0966FA1C41}.Release|Any CPU.ActiveCfg = Release|Any CPU
		{B58968AC-3761-47E0-ACCF-ED0966FA1C41}.Release|Any CPU.Build.0 = Release|Any CPU
		{01D5452E-9FF3-4A7F-9EA0-0A0EE5BE7F56}.Debug|Any CPU.ActiveCfg = Debug|Any CPU
		{01D5452E-9FF3-4A7F-9EA0-0A0EE5BE7F56}.Debug|Any CPU.Build.0 = Debug|Any CPU
		{01D5452E-9FF3-4A7F-9EA0-0A0EE5BE7F56}.Release|Any CPU.ActiveCfg = Release|Any CPU
		{01D5452E-9FF3-4A7F-9EA0-0A0EE5BE7F56}.Release|Any CPU.Build.0 = Release|Any CPU
		{63CDC9B1-9306-468C-8F75-1428F851737A}.Debug|Any CPU.ActiveCfg = Debug|Any CPU
		{63CDC9B1-9306-468C-8F75-1428F851737A}.Debug|Any CPU.Build.0 = Debug|Any CPU
		{63CDC9B1-9306-468C-8F75-1428F851737A}.Release|Any CPU.ActiveCfg = Release|Any CPU
		{63CDC9B1-9306-468C-8F75-1428F851737A}.Release|Any CPU.Build.0 = Release|Any CPU
		{54DDDD22-13F2-47FC-B5B4-F13062177632}.Debug|Any CPU.ActiveCfg = Debug|Any CPU
		{54DDDD22-13F2-47FC-B5B4-F13062177632}.Debug|Any CPU.Build.0 = Debug|Any CPU
		{54DDDD22-13F2-47FC-B5B4-F13062177632}.Release|Any CPU.ActiveCfg = Release|Any CPU
		{54DDDD22-13F2-47FC-B5B4-F13062177632}.Release|Any CPU.Build.0 = Release|Any CPU
		{4D164AAF-A5CA-4A7E-A421-522B4A0F7C6A}.Debug|Any CPU.ActiveCfg = Debug|Any CPU
		{4D164AAF-A5CA-4A7E-A421-522B4A0F7C6A}.Debug|Any CPU.Build.0 = Debug|Any CPU
		{4D164AAF-A5CA-4A7E-A421-522B4A0F7C6A}.Release|Any CPU.ActiveCfg = Release|Any CPU
		{4D164AAF-A5CA-4A7E-A421-522B4A0F7C6A}.Release|Any CPU.Build.0 = Release|Any CPU
		{B2F8D3AD-67D9-47AA-AC02-3EFD84E61491}.Debug|Any CPU.ActiveCfg = Debug|Any CPU
		{B2F8D3AD-67D9-47AA-AC02-3EFD84E61491}.Debug|Any CPU.Build.0 = Debug|Any CPU
		{B2F8D3AD-67D9-47AA-AC02-3EFD84E61491}.Release|Any CPU.ActiveCfg = Release|Any CPU
		{B2F8D3AD-67D9-47AA-AC02-3EFD84E61491}.Release|Any CPU.Build.0 = Release|Any CPU
		{7AF52CAF-9013-474B-A432-7A39560A71A5}.Debug|Any CPU.ActiveCfg = Debug|Any CPU
		{7AF52CAF-9013-474B-A432-7A39560A71A5}.Debug|Any CPU.Build.0 = Debug|Any CPU
		{7AF52CAF-9013-474B-A432-7A39560A71A5}.Release|Any CPU.ActiveCfg = Release|Any CPU
		{7AF52CAF-9013-474B-A432-7A39560A71A5}.Release|Any CPU.Build.0 = Release|Any CPU
		{C23F3CF4-9FAF-4BB5-B9D9-BEFBA61F7FC3}.Debug|Any CPU.ActiveCfg = Debug|Any CPU
		{C23F3CF4-9FAF-4BB5-B9D9-BEFBA61F7FC3}.Debug|Any CPU.Build.0 = Debug|Any CPU
		{C23F3CF4-9FAF-4BB5-B9D9-BEFBA61F7FC3}.Release|Any CPU.ActiveCfg = Release|Any CPU
		{C23F3CF4-9FAF-4BB5-B9D9-BEFBA61F7FC3}.Release|Any CPU.Build.0 = Release|Any CPU
		{F4641D3B-8241-474E-88DD-16A18A0B2F5F}.Debug|Any CPU.ActiveCfg = Debug|Any CPU
		{F4641D3B-8241-474E-88DD-16A18A0B2F5F}.Debug|Any CPU.Build.0 = Debug|Any CPU
		{F4641D3B-8241-474E-88DD-16A18A0B2F5F}.Release|Any CPU.ActiveCfg = Release|Any CPU
		{F4641D3B-8241-474E-88DD-16A18A0B2F5F}.Release|Any CPU.Build.0 = Release|Any CPU
	EndGlobalSection
	GlobalSection(SolutionProperties) = preSolution
		HideSolutionNode = FALSE
	EndGlobalSection
	GlobalSection(ExtensibilityGlobals) = postSolution
		SolutionGuid = {3D463517-FCF3-4CFD-9926-666E148BA082}
	EndGlobalSection
EndGlobal
